
Microsoft Visual Studio Solution File, Format Version 12.00
# Visual Studio Version 17
VisualStudioVersion = 17.9.34723.18
MinimumVisualStudioVersion = 10.0.40219.1
Project("{9A19103F-16F7-4668-BE54-9A1E7A4F7556}") = "Lab1", "Lab1\Lab1.csproj", "{28ABFAAE-A303-426A-9FF8-53BD98EEEC45}"
EndProject
Project("{9A19103F-16F7-4668-BE54-9A1E7A4F7556}") = "Lab3", "Lab3\Lab3.csproj", "{1AB5A168-0EC4-4881-A591-B7885F0EEFBE}"
EndProject
Project("{9A19103F-16F7-4668-BE54-9A1E7A4F7556}") = "Lab2", "Lab2\Lab2.csproj", "{09DC3C3B-78AE-4D90-B68E-4AFD387B9264}"
EndProject
Project("{FAE04EC0-301F-11D3-BF4B-00C04F79EFBC}") = "Lab3Server", "Lab3Console\Lab3Server.csproj", "{8D584C58-77C8-49AF-9DF5-6CD06B52CCCD}"
EndProject
Project("{FAE04EC0-301F-11D3-BF4B-00C04F79EFBC}") = "Lab3Client", "Lab3Client\Lab3Client.csproj", "{79332FAF-926D-4BB3-A20F-B89DE86F6DCC}"
EndProject
Global
	GlobalSection(SolutionConfigurationPlatforms) = preSolution
		Debug|Any CPU = Debug|Any CPU
		Release|Any CPU = Release|Any CPU
	EndGlobalSection
	GlobalSection(ProjectConfigurationPlatforms) = postSolution
		{28ABFAAE-A303-426A-9FF8-53BD98EEEC45}.Debug|Any CPU.ActiveCfg = Debug|Any CPU
		{28ABFAAE-A303-426A-9FF8-53BD98EEEC45}.Debug|Any CPU.Build.0 = Debug|Any CPU
		{28ABFAAE-A303-426A-9FF8-53BD98EEEC45}.Release|Any CPU.ActiveCfg = Release|Any CPU
		{28ABFAAE-A303-426A-9FF8-53BD98EEEC45}.Release|Any CPU.Build.0 = Release|Any CPU
		{1AB5A168-0EC4-4881-A591-B7885F0EEFBE}.Debug|Any CPU.ActiveCfg = Debug|Any CPU
		{1AB5A168-0EC4-4881-A591-B7885F0EEFBE}.Debug|Any CPU.Build.0 = Debug|Any CPU
		{1AB5A168-0EC4-4881-A591-B7885F0EEFBE}.Release|Any CPU.ActiveCfg = Release|Any CPU
		{1AB5A168-0EC4-4881-A591-B7885F0EEFBE}.Release|Any CPU.Build.0 = Release|Any CPU
		{09DC3C3B-78AE-4D90-B68E-4AFD387B9264}.Debug|Any CPU.ActiveCfg = Debug|Any CPU
		{09DC3C3B-78AE-4D90-B68E-4AFD387B9264}.Debug|Any CPU.Build.0 = Debug|Any CPU
		{09DC3C3B-78AE-4D90-B68E-4AFD387B9264}.Release|Any CPU.ActiveCfg = Release|Any CPU
		{09DC3C3B-78AE-4D90-B68E-4AFD387B9264}.Release|Any CPU.Build.0 = Release|Any CPU
		{8D584C58-77C8-49AF-9DF5-6CD06B52CCCD}.Debug|Any CPU.ActiveCfg = Debug|Any CPU
		{8D584C58-77C8-49AF-9DF5-6CD06B52CCCD}.Debug|Any CPU.Build.0 = Debug|Any CPU
		{8D584C58-77C8-49AF-9DF5-6CD06B52CCCD}.Release|Any CPU.ActiveCfg = Release|Any CPU
		{8D584C58-77C8-49AF-9DF5-6CD06B52CCCD}.Release|Any CPU.Build.0 = Release|Any CPU
		{79332FAF-926D-4BB3-A20F-B89DE86F6DCC}.Debug|Any CPU.ActiveCfg = Debug|Any CPU
		{79332FAF-926D-4BB3-A20F-B89DE86F6DCC}.Debug|Any CPU.Build.0 = Debug|Any CPU
		{79332FAF-926D-4BB3-A20F-B89DE86F6DCC}.Release|Any CPU.ActiveCfg = Release|Any CPU
		{79332FAF-926D-4BB3-A20F-B89DE86F6DCC}.Release|Any CPU.Build.0 = Release|Any CPU
	EndGlobalSection
	GlobalSection(SolutionProperties) = preSolution
		HideSolutionNode = FALSE
	EndGlobalSection
	GlobalSection(ExtensibilityGlobals) = postSolution
		SolutionGuid = {5834B139-839B-4E57-B1FF-FEA228CBC794}
	EndGlobalSection
EndGlobal
